
Microsoft Visual Studio Solution File, Format Version 12.00
# Visual Studio Version 17
VisualStudioVersion = 17.1.32228.430
MinimumVisualStudioVersion = 10.0.40219.1
Project("{2150E333-8FDC-42A3-9474-1A3956D46DE8}") = "Core", "Core", "{52B9937C-CE02-4363-A468-A6F04E3187E2}"
EndProject
Project("{2150E333-8FDC-42A3-9474-1A3956D46DE8}") = "Infrastructure", "Infrastructure", "{ED3982F2-76E1-42B0-8047-1E0436F60645}"
EndProject
Project("{2150E333-8FDC-42A3-9474-1A3956D46DE8}") = "Presentation", "Presentation", "{443F3485-7BA3-40D2-9EEA-8A3DC6F50128}"
EndProject
Project("{9A19103F-16F7-4668-BE54-9A1E7A4F7556}") = "NeuroMedia.Domain", "NeuroMedia.Domain\NeuroMedia.Domain.csproj", "{F9306A1B-1F15-4081-8CE6-4F1CFD99756C}"
EndProject
Project("{9A19103F-16F7-4668-BE54-9A1E7A4F7556}") = "NeuroMedia.Application", "NeuroMedia.Application\NeuroMedia.Application.csproj", "{7FF26BA2-D82B-4B14-801D-A67B27644B85}"
EndProject
Project("{9A19103F-16F7-4668-BE54-9A1E7A4F7556}") = "NeuroMedia.Persistence", "NeuroMedia.Persistence\NeuroMedia.Persistence.csproj", "{89625479-A269-4B5D-B409-BC0645E4D2D1}"
EndProject
Project("{9A19103F-16F7-4668-BE54-9A1E7A4F7556}") = "NeuroMedia.API", "NeuroMedia.API\NeuroMedia.API.csproj", "{487200BE-1DD0-45EA-9FBF-9E0962F2EF47}"
EndProject
Project("{9A19103F-16F7-4668-BE54-9A1E7A4F7556}") = "NeuroMedia.WebUI", "NeuroMedia.WebUI\NeuroMedia.WebUI.csproj", "{278F1EF7-8D46-4400-9172-638E77349250}"
EndProject
Project("{2150E333-8FDC-42A3-9474-1A3956D46DE8}") = "Tools", "Tools", "{2A3DA888-D21D-4141-A865-BE8A01A228F4}"
EndProject
Project("{2150E333-8FDC-42A3-9474-1A3956D46DE8}") = "Tests", "Tests", "{48601E30-A081-43C5-BD5D-59CDCF59CFDF}"
EndProject
Project("{9A19103F-16F7-4668-BE54-9A1E7A4F7556}") = "NeuroMedia.Seed", "NeuroMedia.Seed\NeuroMedia.Seed.csproj", "{8BDC22CB-DD56-4D8B-932B-8FA788BFE4DC}"
EndProject
Project("{9A19103F-16F7-4668-BE54-9A1E7A4F7556}") = "NeuroMedia.Infrastructure", "NeuroMedia.Infrastructure\NeuroMedia.Infrastructure.csproj", "{F8D7F608-FF21-41C3-9CD2-CACA46BA1673}"
EndProject
Project("{9A19103F-16F7-4668-BE54-9A1E7A4F7556}") = "NeuroMedia.Application.Tests", "NeuroMedia.Application.Tests\NeuroMedia.Application.Tests.csproj", "{BD6E6190-720A-4754-857D-CD20C6690FAE}"
EndProject
Project("{9A19103F-16F7-4668-BE54-9A1E7A4F7556}") = "NeuroMedia.Infrastructure.Tests", "NeuroMedia.Infrastructure.Tests\NeuroMedia.Infrastructure.Tests.csproj", "{56C84BCC-B98F-4E25-BA58-F7BF9C4FE92C}"
EndProject
Project("{9A19103F-16F7-4668-BE54-9A1E7A4F7556}") = "NeuroMedia.Persistence.Tests", "NeuroMedia.Persistence.Tests\NeuroMedia.Persistence.Tests.csproj", "{6E31BB09-17CE-4E46-A9BB-5D5BB56150B8}"
EndProject
Project("{9A19103F-16F7-4668-BE54-9A1E7A4F7556}") = "NeuroMedia.API.Tests", "NeuroMedia.API.Tests\NeuroMedia.API.Tests.csproj", "{78D68D85-8548-4F8A-BE24-A55873B61A62}"
EndProject
Project("{9A19103F-16F7-4668-BE54-9A1E7A4F7556}") = "NeuroMedia.WebUI.Tests", "NeuroMedia.WebUI.Tests\NeuroMedia.WebUI.Tests.csproj", "{423F5D39-AB27-403D-BD8E-2A5488455838}"
EndProject
Global
	GlobalSection(SolutionConfigurationPlatforms) = preSolution
		Debug|Any CPU = Debug|Any CPU
		Release|Any CPU = Release|Any CPU
	EndGlobalSection
	GlobalSection(ProjectConfigurationPlatforms) = postSolution
		{F9306A1B-1F15-4081-8CE6-4F1CFD99756C}.Debug|Any CPU.ActiveCfg = Debug|Any CPU
		{F9306A1B-1F15-4081-8CE6-4F1CFD99756C}.Debug|Any CPU.Build.0 = Debug|Any CPU
		{F9306A1B-1F15-4081-8CE6-4F1CFD99756C}.Release|Any CPU.ActiveCfg = Release|Any CPU
		{F9306A1B-1F15-4081-8CE6-4F1CFD99756C}.Release|Any CPU.Build.0 = Release|Any CPU
		{7FF26BA2-D82B-4B14-801D-A67B27644B85}.Debug|Any CPU.ActiveCfg = Debug|Any CPU
		{7FF26BA2-D82B-4B14-801D-A67B27644B85}.Debug|Any CPU.Build.0 = Debug|Any CPU
		{7FF26BA2-D82B-4B14-801D-A67B27644B85}.Release|Any CPU.ActiveCfg = Release|Any CPU
		{7FF26BA2-D82B-4B14-801D-A67B27644B85}.Release|Any CPU.Build.0 = Release|Any CPU
		{89625479-A269-4B5D-B409-BC0645E4D2D1}.Debug|Any CPU.ActiveCfg = Debug|Any CPU
		{89625479-A269-4B5D-B409-BC0645E4D2D1}.Debug|Any CPU.Build.0 = Debug|Any CPU
		{89625479-A269-4B5D-B409-BC0645E4D2D1}.Release|Any CPU.ActiveCfg = Release|Any CPU
		{89625479-A269-4B5D-B409-BC0645E4D2D1}.Release|Any CPU.Build.0 = Release|Any CPU
		{487200BE-1DD0-45EA-9FBF-9E0962F2EF47}.Debug|Any CPU.ActiveCfg = Debug|Any CPU
		{487200BE-1DD0-45EA-9FBF-9E0962F2EF47}.Debug|Any CPU.Build.0 = Debug|Any CPU
		{487200BE-1DD0-45EA-9FBF-9E0962F2EF47}.Release|Any CPU.ActiveCfg = Release|Any CPU
		{487200BE-1DD0-45EA-9FBF-9E0962F2EF47}.Release|Any CPU.Build.0 = Release|Any CPU
		{278F1EF7-8D46-4400-9172-638E77349250}.Debug|Any CPU.ActiveCfg = Debug|Any CPU
		{278F1EF7-8D46-4400-9172-638E77349250}.Debug|Any CPU.Build.0 = Debug|Any CPU
		{278F1EF7-8D46-4400-9172-638E77349250}.Release|Any CPU.ActiveCfg = Release|Any CPU
		{278F1EF7-8D46-4400-9172-638E77349250}.Release|Any CPU.Build.0 = Release|Any CPU
		{8BDC22CB-DD56-4D8B-932B-8FA788BFE4DC}.Debug|Any CPU.ActiveCfg = Debug|Any CPU
		{8BDC22CB-DD56-4D8B-932B-8FA788BFE4DC}.Debug|Any CPU.Build.0 = Debug|Any CPU
		{8BDC22CB-DD56-4D8B-932B-8FA788BFE4DC}.Release|Any CPU.ActiveCfg = Release|Any CPU
		{8BDC22CB-DD56-4D8B-932B-8FA788BFE4DC}.Release|Any CPU.Build.0 = Release|Any CPU
		{F8D7F608-FF21-41C3-9CD2-CACA46BA1673}.Debug|Any CPU.ActiveCfg = Debug|Any CPU
		{F8D7F608-FF21-41C3-9CD2-CACA46BA1673}.Debug|Any CPU.Build.0 = Debug|Any CPU
		{F8D7F608-FF21-41C3-9CD2-CACA46BA1673}.Release|Any CPU.ActiveCfg = Release|Any CPU
		{F8D7F608-FF21-41C3-9CD2-CACA46BA1673}.Release|Any CPU.Build.0 = Release|Any CPU
		{BD6E6190-720A-4754-857D-CD20C6690FAE}.Debug|Any CPU.ActiveCfg = Debug|Any CPU
		{BD6E6190-720A-4754-857D-CD20C6690FAE}.Debug|Any CPU.Build.0 = Debug|Any CPU
		{BD6E6190-720A-4754-857D-CD20C6690FAE}.Release|Any CPU.ActiveCfg = Release|Any CPU
		{BD6E6190-720A-4754-857D-CD20C6690FAE}.Release|Any CPU.Build.0 = Release|Any CPU
		{56C84BCC-B98F-4E25-BA58-F7BF9C4FE92C}.Debug|Any CPU.ActiveCfg = Debug|Any CPU
		{56C84BCC-B98F-4E25-BA58-F7BF9C4FE92C}.Debug|Any CPU.Build.0 = Debug|Any CPU
		{56C84BCC-B98F-4E25-BA58-F7BF9C4FE92C}.Release|Any CPU.ActiveCfg = Release|Any CPU
		{56C84BCC-B98F-4E25-BA58-F7BF9C4FE92C}.Release|Any CPU.Build.0 = Release|Any CPU
		{6E31BB09-17CE-4E46-A9BB-5D5BB56150B8}.Debug|Any CPU.ActiveCfg = Debug|Any CPU
		{6E31BB09-17CE-4E46-A9BB-5D5BB56150B8}.Debug|Any CPU.Build.0 = Debug|Any CPU
		{6E31BB09-17CE-4E46-A9BB-5D5BB56150B8}.Release|Any CPU.ActiveCfg = Release|Any CPU
		{6E31BB09-17CE-4E46-A9BB-5D5BB56150B8}.Release|Any CPU.Build.0 = Release|Any CPU
		{78D68D85-8548-4F8A-BE24-A55873B61A62}.Debug|Any CPU.ActiveCfg = Debug|Any CPU
		{78D68D85-8548-4F8A-BE24-A55873B61A62}.Debug|Any CPU.Build.0 = Debug|Any CPU
		{78D68D85-8548-4F8A-BE24-A55873B61A62}.Release|Any CPU.ActiveCfg = Release|Any CPU
		{78D68D85-8548-4F8A-BE24-A55873B61A62}.Release|Any CPU.Build.0 = Release|Any CPU
		{423F5D39-AB27-403D-BD8E-2A5488455838}.Debug|Any CPU.ActiveCfg = Debug|Any CPU
		{423F5D39-AB27-403D-BD8E-2A5488455838}.Debug|Any CPU.Build.0 = Debug|Any CPU
		{423F5D39-AB27-403D-BD8E-2A5488455838}.Release|Any CPU.ActiveCfg = Release|Any CPU
		{423F5D39-AB27-403D-BD8E-2A5488455838}.Release|Any CPU.Build.0 = Release|Any CPU
	EndGlobalSection
	GlobalSection(SolutionProperties) = preSolution
		HideSolutionNode = FALSE
	EndGlobalSection
	GlobalSection(NestedProjects) = preSolution
		{F9306A1B-1F15-4081-8CE6-4F1CFD99756C} = {52B9937C-CE02-4363-A468-A6F04E3187E2}
		{7FF26BA2-D82B-4B14-801D-A67B27644B85} = {52B9937C-CE02-4363-A468-A6F04E3187E2}
		{89625479-A269-4B5D-B409-BC0645E4D2D1} = {ED3982F2-76E1-42B0-8047-1E0436F60645}
		{487200BE-1DD0-45EA-9FBF-9E0962F2EF47} = {443F3485-7BA3-40D2-9EEA-8A3DC6F50128}
		{278F1EF7-8D46-4400-9172-638E77349250} = {443F3485-7BA3-40D2-9EEA-8A3DC6F50128}
		{8BDC22CB-DD56-4D8B-932B-8FA788BFE4DC} = {2A3DA888-D21D-4141-A865-BE8A01A228F4}
		{F8D7F608-FF21-41C3-9CD2-CACA46BA1673} = {ED3982F2-76E1-42B0-8047-1E0436F60645}
		{BD6E6190-720A-4754-857D-CD20C6690FAE} = {48601E30-A081-43C5-BD5D-59CDCF59CFDF}
		{56C84BCC-B98F-4E25-BA58-F7BF9C4FE92C} = {48601E30-A081-43C5-BD5D-59CDCF59CFDF}
		{6E31BB09-17CE-4E46-A9BB-5D5BB56150B8} = {48601E30-A081-43C5-BD5D-59CDCF59CFDF}
		{78D68D85-8548-4F8A-BE24-A55873B61A62} = {48601E30-A081-43C5-BD5D-59CDCF59CFDF}
		{423F5D39-AB27-403D-BD8E-2A5488455838} = {48601E30-A081-43C5-BD5D-59CDCF59CFDF}
	EndGlobalSection
	GlobalSection(ExtensibilityGlobals) = postSolution
		SolutionGuid = {A8527184-1F74-4699-9A46-69C2D26590BB}
	EndGlobalSection
EndGlobal
